{
  "requires": true,
  "lockfileVersion": 1,
  "dependencies": {
    "angular": {
      "version": "1.4.14",
      "resolved": "https://registry.npmjs.org/angular/-/angular-1.4.14.tgz",
      "integrity": "sha1-nQ/q9gzm5SzlD0nuMoZW0eGHXDc="
    },
    "angular-2": {
      "version": "1.0.0",
      "resolved": "https://registry.npmjs.org/angular-2/-/angular-2-1.0.0.tgz",
      "integrity": "sha1-JQGMOy9bsXxsqwzaa9XA7sPZh8Q=",
      "requires": {
        "angular2": "2.0.0-beta.13",
        "bootstrap": "3.3.7",
        "es6-shim": "0.35.3",
        "reflect-metadata": "0.1.2",
        "rxjs": "5.0.0-beta.2",
        "systemjs": "0.19.25",
        "zone.js": "0.6.6"
      }
    },
    "angular-animate": {
      "version": "1.4.14",
      "resolved": "https://registry.npmjs.org/angular-animate/-/angular-animate-1.4.14.tgz",
      "integrity": "sha1-7kBoyv234jACYxnsbLkgesqJgDg="
    },
    "angular-route": {
      "version": "1.4.14",
      "resolved": "https://registry.npmjs.org/angular-route/-/angular-route-1.4.14.tgz",
      "integrity": "sha1-Ll2/4SOUI8Z4Flw5uzhgGtZqB5Q="
    },
    "angular-sanitize": {
      "version": "1.4.14",
      "resolved": "https://registry.npmjs.org/angular-sanitize/-/angular-sanitize-1.4.14.tgz",
      "integrity": "sha1-d4xOJJQfqYLYbPfrrD5hP6XUFPw="
    },
    "angular2": {
      "version": "2.0.0-beta.13",
      "resolved": "https://registry.npmjs.org/angular2/-/angular2-2.0.0-beta.13.tgz",
      "integrity": "sha1-5rOBNFyVjFekvYvHopoYBZg9BAo="
    },
    "angulartics": {
      "version": "0.17.2",
      "resolved": "https://registry.npmjs.org/angulartics/-/angulartics-0.17.2.tgz",
      "integrity": "sha1-7357pvMAE+HVDaMjK9YwOIu1/rM="
    },
    "bootstrap": {
      "version": "3.3.7",
      "resolved": "https://registry.npmjs.org/bootstrap/-/bootstrap-3.3.7.tgz",
      "integrity": "sha1-WjiTlFSfIzMIdaOxUGVldPip63E="
    },
    "es5-shim": {
      "version": "2.0.12",
      "resolved": "https://registry.npmjs.org/es5-shim/-/es5-shim-2.0.12.tgz",
      "integrity": "sha1-CBihVW2wSc+6grMkK0Zh4Enn6og="
    },
    "es6-shim": {
      "version": "0.35.3",
      "resolved": "https://registry.npmjs.org/es6-shim/-/es6-shim-0.35.3.tgz",
      "integrity": "sha1-m/tzY/7//4emzbbNk+QF7DxLbyY="
    },
    "json3": {
      "version": "3.2.6",
      "resolved": "https://registry.npmjs.org/json3/-/json3-3.2.6.tgz",
      "integrity": "sha1-9u/JPAagTemuxTBT3yVZuxniA4s="
    },
    "reflect-metadata": {
      "version": "0.1.2",
      "resolved": "https://registry.npmjs.org/reflect-metadata/-/reflect-metadata-0.1.2.tgz",
      "integrity": "sha1-6iPlgj3IMPKSgivT2puJ/Ve/+wM="
    },
    "rxjs": {
      "version": "5.0.0-beta.2",
      "resolved": "https://registry.npmjs.org/rxjs/-/rxjs-5.0.0-beta.2.tgz",
      "integrity": "sha1-93Xfi4WYwGVwMeX/j/glHhxcAYU="
    },
    "systemjs": {
      "version": "0.19.25",
      "resolved": "https://registry.npmjs.org/systemjs/-/systemjs-0.19.25.tgz",
      "integrity": "sha1-5+Rei3+VxKZdTYx1CHrg2JHeqVE=",
      "requires": {
        "when": "3.7.8"
      }
    },
    "videogular": {
      "version": "2.2.1",
      "resolved": "https://registry.npmjs.org/videogular/-/videogular-2.2.1.tgz",
      "integrity": "sha1-WrgB3pufu3cvoyeyD3BoAS0OoIM=",
      "requires": {
        "angular": "1.4.14",
        "angular-animate": "1.4.14",
        "angular-route": "1.4.14",
        "angular-sanitize": "1.4.14",
        "angulartics": "0.17.2",
        "bootstrap": "3.1.1",
        "es5-shim": "2.0.12",
        "json3": "3.2.6"
      },
      "dependencies": {
        "bootstrap": {
          "version": "3.1.1",
          "resolved": "https://registry.npmjs.org/bootstrap/-/bootstrap-3.1.1.tgz",
          "integrity": "sha1-F+FO0mHA/Nm1LqmqZCD21RzV+nc="
        }
      }
    },
    "when": {
      "version": "3.7.8",
      "resolved": "https://registry.npmjs.org/when/-/when-3.7.8.tgz",
      "integrity": "sha1-xxMLan6gRpPoQs3J56Hyqjmjn4I="
    },
    "zone.js": {
      "version": "0.6.6",
      "resolved": "https://registry.npmjs.org/zone.js/-/zone.js-0.6.6.tgz",
      "integrity": "sha1-AD6o2aiSGGL6wZgRqMSx2Qu3ZKQ="
    }
  }
}
